
Microsoft Visual Studio Solution File, Format Version 11.00
# Visual Studio 2010
Project("{FAE04EC0-301F-11D3-BF4B-00C04F79EFBC}") = "SimpleWorkflowEngine", "my.csproj", "{1EFF4FF2-3C46-4C3C-841A-7C49C66E2D07}"
EndProject
Global
	GlobalSection(SolutionConfigurationPlatforms) = preSolution
		Debug|Any CPU = Debug|Any CPU
		Release|Any CPU = Release|Any CPU
	EndGlobalSection
	GlobalSection(ProjectConfigurationPlatforms) = postSolution
		{1EFF4FF2-3C46-4C3C-841A-7C49C66E2D07}.Debug|Any CPU.ActiveCfg = Debug|Any CPU
		{1EFF4FF2-3C46-4C3C-841A-7C49C66E2D07}.Debug|Any CPU.Build.0 = Debug|Any CPU
		{1EFF4FF2-3C46-4C3C-841A-7C49C66E2D07}.Release|Any CPU.ActiveCfg = Release|Any CPU
		{1EFF4FF2-3C46-4C3C-841A-7C49C66E2D07}.Release|Any CPU.Build.0 = Release|Any CPU
	EndGlobalSection
	GlobalSection(SolutionProperties) = preSolution
		HideSolutionNode = FALSE
	EndGlobalSection
EndGlobal
